
Microsoft Visual Studio Solution File, Format Version 12.00
# Visual Studio 15
VisualStudioVersion = 15.0.28307.168
MinimumVisualStudioVersion = 10.0.40219.1
Project("{FAE04EC0-301F-11D3-BF4B-00C04F79EFBC}") = "Tommy", "Tommy\Tommy.csproj", "{4570DAD3-DE0E-47E0-95AD-9DB88F9E58FE}"
EndProject
Project("{FAE04EC0-301F-11D3-BF4B-00C04F79EFBC}") = "Tommy.Extensions", "Tommy.Extensions\Tommy.Extensions.csproj", "{F621465D-2AA8-434F-B60C-34019378AEB1}"
EndProject
Project("{FAE04EC0-301F-11D3-BF4B-00C04F79EFBC}") = "Tommy.Tests", "Tommy.Tests\Tommy.Tests.csproj", "{E7B4FDA7-1CC0-4AD6-A41E-149E3E050476}"
EndProject
Project("{FAE04EC0-301F-11D3-BF4B-00C04F79EFBC}") = "Tommy.Extensions.Configuration", "Tommy.Extensions.Configuration\Tommy.Extensions.Configuration.csproj", "{0A81C33C-F448-4584-9BC8-AC3C63050493}"
EndProject
Global
	GlobalSection(SolutionConfigurationPlatforms) = preSolution
		Debug|Any CPU = Debug|Any CPU
		Release|Any CPU = Release|Any CPU
	EndGlobalSection
	GlobalSection(ProjectConfigurationPlatforms) = postSolution
		{4570DAD3-DE0E-47E0-95AD-9DB88F9E58FE}.Debug|Any CPU.ActiveCfg = Debug|Any CPU
		{4570DAD3-DE0E-47E0-95AD-9DB88F9E58FE}.Debug|Any CPU.Build.0 = Debug|Any CPU
		{4570DAD3-DE0E-47E0-95AD-9DB88F9E58FE}.Release|Any CPU.ActiveCfg = Release|Any CPU
		{4570DAD3-DE0E-47E0-95AD-9DB88F9E58FE}.Release|Any CPU.Build.0 = Release|Any CPU
		{F621465D-2AA8-434F-B60C-34019378AEB1}.Debug|Any CPU.ActiveCfg = Debug|Any CPU
		{F621465D-2AA8-434F-B60C-34019378AEB1}.Debug|Any CPU.Build.0 = Debug|Any CPU
		{F621465D-2AA8-434F-B60C-34019378AEB1}.Release|Any CPU.ActiveCfg = Release|Any CPU
		{F621465D-2AA8-434F-B60C-34019378AEB1}.Release|Any CPU.Build.0 = Release|Any CPU
		{E7B4FDA7-1CC0-4AD6-A41E-149E3E050476}.Debug|Any CPU.ActiveCfg = Debug|Any CPU
		{E7B4FDA7-1CC0-4AD6-A41E-149E3E050476}.Debug|Any CPU.Build.0 = Debug|Any CPU
		{E7B4FDA7-1CC0-4AD6-A41E-149E3E050476}.Release|Any CPU.ActiveCfg = Release|Any CPU
		{E7B4FDA7-1CC0-4AD6-A41E-149E3E050476}.Release|Any CPU.Build.0 = Release|Any CPU
		{0A81C33C-F448-4584-9BC8-AC3C63050493}.Debug|Any CPU.ActiveCfg = Debug|Any CPU
		{0A81C33C-F448-4584-9BC8-AC3C63050493}.Debug|Any CPU.Build.0 = Debug|Any CPU
		{0A81C33C-F448-4584-9BC8-AC3C63050493}.Release|Any CPU.ActiveCfg = Release|Any CPU
		{0A81C33C-F448-4584-9BC8-AC3C63050493}.Release|Any CPU.Build.0 = Release|Any CPU
	EndGlobalSection
	GlobalSection(SolutionProperties) = preSolution
		HideSolutionNode = FALSE
	EndGlobalSection
	GlobalSection(ExtensibilityGlobals) = postSolution
		SolutionGuid = {1D91B78C-C44A-41A2-ACA3-93F21546F58D}
	EndGlobalSection
EndGlobal
